{
  "name": "captains-chair",
  "version": "0.0.1",
  "lockfileVersion": 2,
  "requires": true,
  "packages": {
    "": {
      "name": "captains-chair",
      "version": "0.0.1",
      "dependencies": {
        "ramda": "^0.27.1",
        "twilio-sync": "^3.0.6"
      },
      "engines": {
        "twilioquest": "3.1.44"
      }
    },
    "node_modules/@babel/runtime": {
      "version": "7.16.3",
      "resolved": "https://registry.npmjs.org/@babel/runtime/-/runtime-7.16.3.tgz",
      "integrity": "sha512-WBwekcqacdY2e9AF/Q7WLFUWmdJGJTkbjqTjoMDgXkVZ3ZRUvOPsLb5KdwISoQVsbP+DQzVZW4Zhci0DvpbNTQ==",
      "dependencies": {
        "regenerator-runtime": "^0.13.4"
      },
      "engines": {
        "node": ">=6.9.0"
      }
    },
    "node_modules/@twilio/declarative-type-validator": {
      "version": "0.1.10",
      "resolved": "https://registry.npmjs.org/@twilio/declarative-type-validator/-/declarative-type-validator-0.1.10.tgz",
      "integrity": "sha512-3g9dia2sa/x9fR8/GXTd3nSKyxuskUhvsFfpfw/xxuOlCLXY0bqhcMvhIL9HlNJrXKCfBmEQMVNLCoFtYqD1CQ==",
      "dependencies": {
        "@babel/runtime": "^7.14.5",
        "core-js": "^3.17.3"
      },
      "engines": {
        "node": ">=14"
      }
    },
    "node_modules/@twilio/operation-retrier": {
      "version": "4.0.6",
      "resolved": "https://registry.npmjs.org/@twilio/operation-retrier/-/operation-retrier-4.0.6.tgz",
      "integrity": "sha512-0ZBKNDio1GSRqjeE+l306gshqgnQW21bMcZdxPulMaTjj2+bg3mlIjbTwgUj3YcXecX8ZBEo0YQaI3J+aOjBCg==",
      "dependencies": {
        "@babel/runtime": "^7.14.5",
        "core-js": "^3.17.3"
      },
      "engines": {
        "node": ">=14"
      }
    },
    "node_modules/async-limiter": {
      "version": "1.0.1",
      "resolved": "https://registry.npmjs.org/async-limiter/-/async-limiter-1.0.1.tgz",
      "integrity": "sha512-csOlWGAcRFJaI6m+F2WKdnMKr4HhdhFVBk0H/QbJFMCr+uO2kwohwXQPxw/9OCxp05r5ghVBFSyioixx3gfkNQ=="
    },
    "node_modules/core-js": {
      "version": "3.19.3",
      "resolved": "https://registry.npmjs.org/core-js/-/core-js-3.19.3.tgz",
      "integrity": "sha512-LeLBMgEGSsG7giquSzvgBrTS7V5UL6ks3eQlUSbN8dJStlLFiRzUm5iqsRyzUB8carhfKjkJ2vzKqE6z1Vga9g==",
      "hasInstallScript": true,
      "funding": {
        "type": "opencollective",
        "url": "https://opencollective.com/core-js"
      }
    },
    "node_modules/iso8601-duration": {
      "version": "1.2.0",
      "resolved": "https://registry.npmjs.org/iso8601-duration/-/iso8601-duration-1.2.0.tgz",
      "integrity": "sha512-ErTBd++b17E8nmWII1K1uZtBgD1E8RjyvwmxlCjPHNqHMD7gmcMHOw0E8Ro/6+QT4PhHRSnnMo7bxa1vFPkwhg=="
    },
    "node_modules/javascript-state-machine": {
      "version": "3.1.0",
      "resolved": "https://registry.npmjs.org/javascript-state-machine/-/javascript-state-machine-3.1.0.tgz",
      "integrity": "sha512-BwhYxQ1OPenBPXC735RgfB+ZUG8H3kjsx8hrYTgWnoy6TPipEy4fiicyhT2lxRKAXq9pG7CfFT8a2HLr6Hmwxg=="
    },
    "node_modules/loglevel": {
      "version": "1.8.0",
      "resolved": "https://registry.npmjs.org/loglevel/-/loglevel-1.8.0.tgz",
      "integrity": "sha512-G6A/nJLRgWOuuwdNuA6koovfEV1YpqqAG4pRUlFaz3jj2QNZ8M4vBqnVA+HBTmU/AMNUtlOsMmSpF6NyOjztbA==",
      "engines": {
        "node": ">= 0.6.0"
      },
      "funding": {
        "type": "tidelift",
        "url": "https://tidelift.com/funding/github/npm/loglevel"
      }
    },
    "node_modules/platform": {
      "version": "1.3.6",
      "resolved": "https://registry.npmjs.org/platform/-/platform-1.3.6.tgz",
      "integrity": "sha512-fnWVljUchTro6RiCFvCXBbNhJc2NijN7oIQxbwsyL0buWJPG85v81ehlHI9fXrJsMNgTofEoWIQeClKpgxFLrg=="
    },
    "node_modules/ramda": {
      "version": "0.27.1",
      "resolved": "https://registry.npmjs.org/ramda/-/ramda-0.27.1.tgz",
      "integrity": "sha512-PgIdVpn5y5Yns8vqb8FzBUEYn98V3xcPgawAkkgj0YJ0qDsnHCiNmZYfOGMgOvoB0eWFLpYbhxUR3mxfDIMvpw=="
    },
    "node_modules/regenerator-runtime": {
      "version": "0.13.9",
      "resolved": "https://registry.npmjs.org/regenerator-runtime/-/regenerator-runtime-0.13.9.tgz",
      "integrity": "sha512-p3VT+cOEgxFsRRA9X4lkI1E+k2/CtnKtU4gcxyaCUreilL/vqI6CdZ3wxVUx3UOUg+gnUOQQcRI7BmSI656MYA=="
    },
    "node_modules/twilio-sync": {
      "version": "3.0.6",
      "resolved": "https://registry.npmjs.org/twilio-sync/-/twilio-sync-3.0.6.tgz",
      "integrity": "sha512-mc9gjL1uGivDf171DjQmNJeD5UQX8KgpHa6jrUtgOnFuMrc4hcXRUNR2VEqElX9U4mOjOzKPJaNSaEz58YFNIg==",
      "dependencies": {
        "@babel/runtime": "^7.14.5",
        "@twilio/declarative-type-validator": "^0.1.10",
        "@twilio/operation-retrier": "^4.0.6",
        "core-js": "^3.17.3",
        "iso8601-duration": "=1.2.0",
        "loglevel": "^1.6.3",
        "platform": "^1.3.6",
        "twilsock": "^0.12.1",
        "uuid": "^3.4.0"
      },
      "engines": {
        "node": ">=14"
      }
    },
    "node_modules/twilsock": {
      "version": "0.12.1",
      "resolved": "https://registry.npmjs.org/twilsock/-/twilsock-0.12.1.tgz",
      "integrity": "sha512-5WtkHaqHdCcAxWXzIaV/kipEXqxa9aLpAK47LFFUieputdo23EWJdnCol/UG740Z5FX+RI/L4Hq6YxKBrOq+wg==",
      "dependencies": {
        "@babel/runtime": "^7.14.5",
        "@twilio/declarative-type-validator": "^0.1.10",
        "@twilio/operation-retrier": "^4.0.6",
        "core-js": "^3.17.3",
        "iso8601-duration": "=1.2.0",
        "javascript-state-machine": "^3.1.0",
        "loglevel": "^1.6.3",
        "platform": "^1.3.6",
        "uuid": "^3.4.0",
        "ws": "^5.2.3"
      },
      "engines": {
        "node": ">=14"
      }
    },
    "node_modules/uuid": {
      "version": "3.4.0",
      "resolved": "https://registry.npmjs.org/uuid/-/uuid-3.4.0.tgz",
      "integrity": "sha512-HjSDRw6gZE5JMggctHBcjVak08+KEVhSIiDzFnT9S9aegmp85S/bReBVTb4QTFaRNptJ9kuYaNhnbNEOkbKb/A==",
      "deprecated": "Please upgrade  to version 7 or higher.  Older versions may use Math.random() in certain circumstances, which is known to be problematic.  See https://v8.dev/blog/math-random for details.",
      "bin": {
        "uuid": "bin/uuid"
      }
    },
    "node_modules/ws": {
      "version": "5.2.3",
      "resolved": "https://registry.npmjs.org/ws/-/ws-5.2.3.tgz",
      "integrity": "sha512-jZArVERrMsKUatIdnLzqvcfydI85dvd/Fp1u/VOpfdDWQ4c9qWXe+VIeAbQ5FrDwciAkr+lzofXLz3Kuf26AOA==",
      "dependencies": {
        "async-limiter": "~1.0.0"
      }
    }
  },
  "dependencies": {
    "@babel/runtime": {
      "version": "7.16.3",
      "resolved": "https://registry.npmjs.org/@babel/runtime/-/runtime-7.16.3.tgz",
      "integrity": "sha512-WBwekcqacdY2e9AF/Q7WLFUWmdJGJTkbjqTjoMDgXkVZ3ZRUvOPsLb5KdwISoQVsbP+DQzVZW4Zhci0DvpbNTQ==",
      "requires": {
        "regenerator-runtime": "^0.13.4"
      }
    },
    "@twilio/declarative-type-validator": {
      "version": "0.1.10",
      "resolved": "https://registry.npmjs.org/@twilio/declarative-type-validator/-/declarative-type-validator-0.1.10.tgz",
      "integrity": "sha512-3g9dia2sa/x9fR8/GXTd3nSKyxuskUhvsFfpfw/xxuOlCLXY0bqhcMvhIL9HlNJrXKCfBmEQMVNLCoFtYqD1CQ==",
      "requires": {
        "@babel/runtime": "^7.14.5",
        "core-js": "^3.17.3"
      }
    },
    "@twilio/operation-retrier": {
      "version": "4.0.6",
      "resolved": "https://registry.npmjs.org/@twilio/operation-retrier/-/operation-retrier-4.0.6.tgz",
      "integrity": "sha512-0ZBKNDio1GSRqjeE+l306gshqgnQW21bMcZdxPulMaTjj2+bg3mlIjbTwgUj3YcXecX8ZBEo0YQaI3J+aOjBCg==",
      "requires": {
        "@babel/runtime": "^7.14.5",
        "core-js": "^3.17.3"
      }
    },
    "async-limiter": {
      "version": "1.0.1",
      "resolved": "https://registry.npmjs.org/async-limiter/-/async-limiter-1.0.1.tgz",
      "integrity": "sha512-csOlWGAcRFJaI6m+F2WKdnMKr4HhdhFVBk0H/QbJFMCr+uO2kwohwXQPxw/9OCxp05r5ghVBFSyioixx3gfkNQ=="
    },
    "core-js": {
      "version": "3.19.3",
      "resolved": "https://registry.npmjs.org/core-js/-/core-js-3.19.3.tgz",
      "integrity": "sha512-LeLBMgEGSsG7giquSzvgBrTS7V5UL6ks3eQlUSbN8dJStlLFiRzUm5iqsRyzUB8carhfKjkJ2vzKqE6z1Vga9g=="
    },
    "iso8601-duration": {
      "version": "1.2.0",
      "resolved": "https://registry.npmjs.org/iso8601-duration/-/iso8601-duration-1.2.0.tgz",
      "integrity": "sha512-ErTBd++b17E8nmWII1K1uZtBgD1E8RjyvwmxlCjPHNqHMD7gmcMHOw0E8Ro/6+QT4PhHRSnnMo7bxa1vFPkwhg=="
    },
    "javascript-state-machine": {
      "version": "3.1.0",
      "resolved": "https://registry.npmjs.org/javascript-state-machine/-/javascript-state-machine-3.1.0.tgz",
      "integrity": "sha512-BwhYxQ1OPenBPXC735RgfB+ZUG8H3kjsx8hrYTgWnoy6TPipEy4fiicyhT2lxRKAXq9pG7CfFT8a2HLr6Hmwxg=="
    },
    "loglevel": {
      "version": "1.8.0",
      "resolved": "https://registry.npmjs.org/loglevel/-/loglevel-1.8.0.tgz",
      "integrity": "sha512-G6A/nJLRgWOuuwdNuA6koovfEV1YpqqAG4pRUlFaz3jj2QNZ8M4vBqnVA+HBTmU/AMNUtlOsMmSpF6NyOjztbA=="
    },
    "platform": {
      "version": "1.3.6",
      "resolved": "https://registry.npmjs.org/platform/-/platform-1.3.6.tgz",
      "integrity": "sha512-fnWVljUchTro6RiCFvCXBbNhJc2NijN7oIQxbwsyL0buWJPG85v81ehlHI9fXrJsMNgTofEoWIQeClKpgxFLrg=="
    },
    "ramda": {
      "version": "0.27.1",
      "resolved": "https://registry.npmjs.org/ramda/-/ramda-0.27.1.tgz",
      "integrity": "sha512-PgIdVpn5y5Yns8vqb8FzBUEYn98V3xcPgawAkkgj0YJ0qDsnHCiNmZYfOGMgOvoB0eWFLpYbhxUR3mxfDIMvpw=="
    },
    "regenerator-runtime": {
      "version": "0.13.9",
      "resolved": "https://registry.npmjs.org/regenerator-runtime/-/regenerator-runtime-0.13.9.tgz",
      "integrity": "sha512-p3VT+cOEgxFsRRA9X4lkI1E+k2/CtnKtU4gcxyaCUreilL/vqI6CdZ3wxVUx3UOUg+gnUOQQcRI7BmSI656MYA=="
    },
    "twilio-sync": {
      "version": "3.0.6",
      "resolved": "https://registry.npmjs.org/twilio-sync/-/twilio-sync-3.0.6.tgz",
      "integrity": "sha512-mc9gjL1uGivDf171DjQmNJeD5UQX8KgpHa6jrUtgOnFuMrc4hcXRUNR2VEqElX9U4mOjOzKPJaNSaEz58YFNIg==",
      "requires": {
        "@babel/runtime": "^7.14.5",
        "@twilio/declarative-type-validator": "^0.1.10",
        "@twilio/operation-retrier": "^4.0.6",
        "core-js": "^3.17.3",
        "iso8601-duration": "=1.2.0",
        "loglevel": "^1.6.3",
        "platform": "^1.3.6",
        "twilsock": "^0.12.1",
        "uuid": "^3.4.0"
      }
    },
    "twilsock": {
      "version": "0.12.1",
      "resolved": "https://registry.npmjs.org/twilsock/-/twilsock-0.12.1.tgz",
      "integrity": "sha512-5WtkHaqHdCcAxWXzIaV/kipEXqxa9aLpAK47LFFUieputdo23EWJdnCol/UG740Z5FX+RI/L4Hq6YxKBrOq+wg==",
      "requires": {
        "@babel/runtime": "^7.14.5",
        "@twilio/declarative-type-validator": "^0.1.10",
        "@twilio/operation-retrier": "^4.0.6",
        "core-js": "^3.17.3",
        "iso8601-duration": "=1.2.0",
        "javascript-state-machine": "^3.1.0",
        "loglevel": "^1.6.3",
        "platform": "^1.3.6",
        "uuid": "^3.4.0",
        "ws": "^5.2.3"
      }
    },
    "uuid": {
      "version": "3.4.0",
      "resolved": "https://registry.npmjs.org/uuid/-/uuid-3.4.0.tgz",
      "integrity": "sha512-HjSDRw6gZE5JMggctHBcjVak08+KEVhSIiDzFnT9S9aegmp85S/bReBVTb4QTFaRNptJ9kuYaNhnbNEOkbKb/A=="
    },
    "ws": {
      "version": "5.2.3",
      "resolved": "https://registry.npmjs.org/ws/-/ws-5.2.3.tgz",
      "integrity": "sha512-jZArVERrMsKUatIdnLzqvcfydI85dvd/Fp1u/VOpfdDWQ4c9qWXe+VIeAbQ5FrDwciAkr+lzofXLz3Kuf26AOA==",
      "requires": {
        "async-limiter": "~1.0.0"
      }
    }
  }
}
